// !$*UTF8*$!
{
	archiveVersion = 1;
	classes = {
	};
	objectVersion = 56;
	objects = {

/* Begin PBXBuildFile section */
		48FB9A66298E426400A07362 /* WeatherApp.swift in Sources */ = {isa = PBXBuildFile; fileRef = 48FB9A65298E426400A07362 /* WeatherApp.swift */; };
		48FB9A68298E426400A07362 /* ContentView.swift in Sources */ = {isa = PBXBuildFile; fileRef = 48FB9A67298E426400A07362 /* ContentView.swift */; };
		48FB9A6A298E426500A07362 /* Assets.xcassets in Resources */ = {isa = PBXBuildFile; fileRef = 48FB9A69298E426500A07362 /* Assets.xcassets */; };
		48FB9A6D298E426500A07362 /* Preview Assets.xcassets in Resources */ = {isa = PBXBuildFile; fileRef = 48FB9A6C298E426500A07362 /* Preview Assets.xcassets */; };
		48FB9A77298E426600A07362 /* WeatherTests.swift in Sources */ = {isa = PBXBuildFile; fileRef = 48FB9A76298E426600A07362 /* WeatherTests.swift */; };
		48FB9A81298E426600A07362 /* WeatherUITests.swift in Sources */ = {isa = PBXBuildFile; fileRef = 48FB9A80298E426600A07362 /* WeatherUITests.swift */; };
		48FB9A83298E426600A07362 /* WeatherUITestsLaunchTests.swift in Sources */ = {isa = PBXBuildFile; fileRef = 48FB9A82298E426600A07362 /* WeatherUITestsLaunchTests.swift */; };
		48FB9A91298E434100A07362 /* LocationManager.swift in Sources */ = {isa = PBXBuildFile; fileRef = 48FB9A90298E434100A07362 /* LocationManager.swift */; };
		48FB9A94298E476500A07362 /* WelcomeView.swift in Sources */ = {isa = PBXBuildFile; fileRef = 48FB9A93298E476500A07362 /* WelcomeView.swift */; };
		48FB9A96298E4AD900A07362 /* LoadingView.swift in Sources */ = {isa = PBXBuildFile; fileRef = 48FB9A95298E4AD900A07362 /* LoadingView.swift */; };
		48FB9A98298E4C5500A07362 /* WeatherManager.swift in Sources */ = {isa = PBXBuildFile; fileRef = 48FB9A97298E4C5500A07362 /* WeatherManager.swift */; };
		48FB9A9A298F170D00A07362 /* WeatherView.swift in Sources */ = {isa = PBXBuildFile; fileRef = 48FB9A99298F170D00A07362 /* WeatherView.swift */; };
		48FB9AA0298F183700A07362 /* Extension.swift in Sources */ = {isa = PBXBuildFile; fileRef = 48FB9A9F298F183700A07362 /* Extension.swift */; };
		48FB9AA3298F626E00A07362 /* WeatherRow.swift in Sources */ = {isa = PBXBuildFile; fileRef = 48FB9AA2298F626E00A07362 /* WeatherRow.swift */; };
		48FB9AA5298F725B00A07362 /* weatherData.json in Resources */ = {isa = PBXBuildFile; fileRef = 48FB9AA4298F725B00A07362 /* weatherData.json */; };
		48FB9AA7298F727D00A07362 /* ModelData.swift in Sources */ = {isa = PBXBuildFile; fileRef = 48FB9AA6298F727D00A07362 /* ModelData.swift */; };
/* End PBXBuildFile section */

/* Begin PBXContainerItemProxy section */
		48FB9A73298E426600A07362 /* PBXContainerItemProxy */ = {
			isa = PBXContainerItemProxy;
			containerPortal = 48FB9A5A298E426400A07362 /* Project object */;
			proxyType = 1;
			remoteGlobalIDString = 48FB9A61298E426400A07362;
			remoteInfo = Weather;
		};
		48FB9A7D298E426600A07362 /* PBXContainerItemProxy */ = {
			isa = PBXContainerItemProxy;
			containerPortal = 48FB9A5A298E426400A07362 /* Project object */;
			proxyType = 1;
			remoteGlobalIDString = 48FB9A61298E426400A07362;
			remoteInfo = Weather;
		};
/* End PBXContainerItemProxy section */

/* Begin PBXFileReference section */
		48FB9A62298E426400A07362 /* Weather.app */ = {isa = PBXFileReference; explicitFileType = wrapper.application; includeInIndex = 0; path = Weather.app; sourceTree = BUILT_PRODUCTS_DIR; };
		48FB9A65298E426400A07362 /* WeatherApp.swift */ = {isa = PBXFileReference; lastKnownFileType = sourcecode.swift; path = WeatherApp.swift; sourceTree = "<group>"; };
		48FB9A67298E426400A07362 /* ContentView.swift */ = {isa = PBXFileReference; lastKnownFileType = sourcecode.swift; path = ContentView.swift; sourceTree = "<group>"; };
		48FB9A69298E426500A07362 /* Assets.xcassets */ = {isa = PBXFileReference; lastKnownFileType = folder.assetcatalog; path = Assets.xcassets; sourceTree = "<group>"; };
		48FB9A6C298E426500A07362 /* Preview Assets.xcassets */ = {isa = PBXFileReference; lastKnownFileType = folder.assetcatalog; path = "Preview Assets.xcassets"; sourceTree = "<group>"; };
		48FB9A72298E426600A07362 /* WeatherTests.xctest */ = {isa = PBXFileReference; explicitFileType = wrapper.cfbundle; includeInIndex = 0; path = WeatherTests.xctest; sourceTree = BUILT_PRODUCTS_DIR; };
		48FB9A76298E426600A07362 /* WeatherTests.swift */ = {isa = PBXFileReference; lastKnownFileType = sourcecode.swift; path = WeatherTests.swift; sourceTree = "<group>"; };
		48FB9A7C298E426600A07362 /* WeatherUITests.xctest */ = {isa = PBXFileReference; explicitFileType = wrapper.cfbundle; includeInIndex = 0; path = WeatherUITests.xctest; sourceTree = BUILT_PRODUCTS_DIR; };
		48FB9A80298E426600A07362 /* WeatherUITests.swift */ = {isa = PBXFileReference; lastKnownFileType = sourcecode.swift; path = WeatherUITests.swift; sourceTree = "<group>"; };
		48FB9A82298E426600A07362 /* WeatherUITestsLaunchTests.swift */ = {isa = PBXFileReference; lastKnownFileType = sourcecode.swift; path = WeatherUITestsLaunchTests.swift; sourceTree = "<group>"; };
		48FB9A90298E434100A07362 /* LocationManager.swift */ = {isa = PBXFileReference; lastKnownFileType = sourcecode.swift; path = LocationManager.swift; sourceTree = "<group>"; };
		48FB9A93298E476500A07362 /* WelcomeView.swift */ = {isa = PBXFileReference; lastKnownFileType = sourcecode.swift; path = WelcomeView.swift; sourceTree = "<group>"; };
		48FB9A95298E4AD900A07362 /* LoadingView.swift */ = {isa = PBXFileReference; lastKnownFileType = sourcecode.swift; path = LoadingView.swift; sourceTree = "<group>"; };
		48FB9A97298E4C5500A07362 /* WeatherManager.swift */ = {isa = PBXFileReference; lastKnownFileType = sourcecode.swift; path = WeatherManager.swift; sourceTree = "<group>"; };
		48FB9A99298F170D00A07362 /* WeatherView.swift */ = {isa = PBXFileReference; lastKnownFileType = sourcecode.swift; path = WeatherView.swift; sourceTree = "<group>"; };
		48FB9A9F298F183700A07362 /* Extension.swift */ = {isa = PBXFileReference; lastKnownFileType = sourcecode.swift; path = Extension.swift; sourceTree = "<group>"; };
		48FB9AA2298F626E00A07362 /* WeatherRow.swift */ = {isa = PBXFileReference; lastKnownFileType = sourcecode.swift; path = WeatherRow.swift; sourceTree = "<group>"; };
		48FB9AA4298F725B00A07362 /* weatherData.json */ = {isa = PBXFileReference; lastKnownFileType = text.json; path = weatherData.json; sourceTree = "<group>"; };
		48FB9AA6298F727D00A07362 /* ModelData.swift */ = {isa = PBXFileReference; lastKnownFileType = sourcecode.swift; path = ModelData.swift; sourceTree = "<group>"; };
		48FB9AA8298F753100A07362 /* Info.plist */ = {isa = PBXFileReference; lastKnownFileType = text.plist; path = Info.plist; sourceTree = "<group>"; };
/* End PBXFileReference section */

/* Begin PBXFrameworksBuildPhase section */
		48FB9A5F298E426400A07362 /* Frameworks */ = {
			isa = PBXFrameworksBuildPhase;
			buildActionMask = 2147483647;
			files = (
			);
			runOnlyForDeploymentPostprocessing = 0;
		};
		48FB9A6F298E426600A07362 /* Frameworks */ = {
			isa = PBXFrameworksBuildPhase;
			buildActionMask = 2147483647;
			files = (
			);
			runOnlyForDeploymentPostprocessing = 0;
		};
		48FB9A79298E426600A07362 /* Frameworks */ = {
			isa = PBXFrameworksBuildPhase;
			buildActionMask = 2147483647;
			files = (
			);
			runOnlyForDeploymentPostprocessing = 0;
		};
/* End PBXFrameworksBuildPhase section */

/* Begin PBXGroup section */
		48FB9A59298E426400A07362 = {
			isa = PBXGroup;
			children = (
				48FB9A64298E426400A07362 /* Weather */,
				48FB9A75298E426600A07362 /* WeatherTests */,
				48FB9A7F298E426600A07362 /* WeatherUITests */,
				48FB9A63298E426400A07362 /* Products */,
			);
			sourceTree = "<group>";
		};
		48FB9A63298E426400A07362 /* Products */ = {
			isa = PBXGroup;
			children = (
				48FB9A62298E426400A07362 /* Weather.app */,
				48FB9A72298E426600A07362 /* WeatherTests.xctest */,
				48FB9A7C298E426600A07362 /* WeatherUITests.xctest */,
			);
			name = Products;
			sourceTree = "<group>";
		};
		48FB9A64298E426400A07362 /* Weather */ = {
			isa = PBXGroup;
			children = (
				48FB9AA8298F753100A07362 /* Info.plist */,
				48FB9AA1298F625C00A07362 /* Components */,
				48FB9A92298E46E800A07362 /* Views */,
				48FB9A8F298E42F100A07362 /* Manager */,
				48FB9A65298E426400A07362 /* WeatherApp.swift */,
				48FB9A69298E426500A07362 /* Assets.xcassets */,
				48FB9A6B298E426500A07362 /* Preview Content */,
				48FB9A9F298F183700A07362 /* Extension.swift */,
			);
			path = Weather;
			sourceTree = "<group>";
		};
		48FB9A6B298E426500A07362 /* Preview Content */ = {
			isa = PBXGroup;
			children = (
				48FB9A6C298E426500A07362 /* Preview Assets.xcassets */,
				48FB9AA4298F725B00A07362 /* weatherData.json */,
				48FB9AA6298F727D00A07362 /* ModelData.swift */,
			);
			path = "Preview Content";
			sourceTree = "<group>";
		};
		48FB9A75298E426600A07362 /* WeatherTests */ = {
			isa = PBXGroup;
			children = (
				48FB9A76298E426600A07362 /* WeatherTests.swift */,
			);
			path = WeatherTests;
			sourceTree = "<group>";
		};
		48FB9A7F298E426600A07362 /* WeatherUITests */ = {
			isa = PBXGroup;
			children = (
				48FB9A80298E426600A07362 /* WeatherUITests.swift */,
				48FB9A82298E426600A07362 /* WeatherUITestsLaunchTests.swift */,
			);
			path = WeatherUITests;
			sourceTree = "<group>";
		};
		48FB9A8F298E42F100A07362 /* Manager */ = {
			isa = PBXGroup;
			children = (
				48FB9A90298E434100A07362 /* LocationManager.swift */,
				48FB9A97298E4C5500A07362 /* WeatherManager.swift */,
			);
			path = Manager;
			sourceTree = "<group>";
		};
		48FB9A92298E46E800A07362 /* Views */ = {
			isa = PBXGroup;
			children = (
				48FB9A67298E426400A07362 /* ContentView.swift */,
				48FB9A93298E476500A07362 /* WelcomeView.swift */,
				48FB9A95298E4AD900A07362 /* LoadingView.swift */,
				48FB9A99298F170D00A07362 /* WeatherView.swift */,
			);
			path = Views;
			sourceTree = "<group>";
		};
		48FB9AA1298F625C00A07362 /* Components */ = {
			isa = PBXGroup;
			children = (
				48FB9AA2298F626E00A07362 /* WeatherRow.swift */,
			);
			path = Components;
			sourceTree = "<group>";
		};
/* End PBXGroup section */

/* Begin PBXNativeTarget section */
		48FB9A61298E426400A07362 /* Weather */ = {
			isa = PBXNativeTarget;
			buildConfigurationList = 48FB9A86298E426600A07362 /* Build configuration list for PBXNativeTarget "Weather" */;
			buildPhases = (
				48FB9A5E298E426400A07362 /* Sources */,
				48FB9A5F298E426400A07362 /* Frameworks */,
				48FB9A60298E426400A07362 /* Resources */,
			);
			buildRules = (
			);
			dependencies = (
			);
			name = Weather;
			productName = Weather;
			productReference = 48FB9A62298E426400A07362 /* Weather.app */;
			productType = "com.apple.product-type.application";
		};
		48FB9A71298E426600A07362 /* WeatherTests */ = {
			isa = PBXNativeTarget;
			buildConfigurationList = 48FB9A89298E426600A07362 /* Build configuration list for PBXNativeTarget "WeatherTests" */;
			buildPhases = (
				48FB9A6E298E426600A07362 /* Sources */,
				48FB9A6F298E426600A07362 /* Frameworks */,
				48FB9A70298E426600A07362 /* Resources */,
			);
			buildRules = (
			);
			dependencies = (
				48FB9A74298E426600A07362 /* PBXTargetDependency */,
			);
			name = WeatherTests;
			productName = WeatherTests;
			productReference = 48FB9A72298E426600A07362 /* WeatherTests.xctest */;
			productType = "com.apple.product-type.bundle.unit-test";
		};
		48FB9A7B298E426600A07362 /* WeatherUITests */ = {
			isa = PBXNativeTarget;
			buildConfigurationList = 48FB9A8C298E426600A07362 /* Build configuration list for PBXNativeTarget "WeatherUITests" */;
			buildPhases = (
				48FB9A78298E426600A07362 /* Sources */,
				48FB9A79298E426600A07362 /* Frameworks */,
				48FB9A7A298E426600A07362 /* Resources */,
			);
			buildRules = (
			);
			dependencies = (
				48FB9A7E298E426600A07362 /* PBXTargetDependency */,
			);
			name = WeatherUITests;
			productName = WeatherUITests;
			productReference = 48FB9A7C298E426600A07362 /* WeatherUITests.xctest */;
			productType = "com.apple.product-type.bundle.ui-testing";
		};
/* End PBXNativeTarget section */

/* Begin PBXProject section */
		48FB9A5A298E426400A07362 /* Project object */ = {
			isa = PBXProject;
			attributes = {
				BuildIndependentTargetsInParallel = 1;
				LastSwiftUpdateCheck = 1420;
				LastUpgradeCheck = 1420;
				TargetAttributes = {
					48FB9A61298E426400A07362 = {
						CreatedOnToolsVersion = 14.2;
					};
					48FB9A71298E426600A07362 = {
						CreatedOnToolsVersion = 14.2;
						TestTargetID = 48FB9A61298E426400A07362;
					};
					48FB9A7B298E426600A07362 = {
						CreatedOnToolsVersion = 14.2;
						TestTargetID = 48FB9A61298E426400A07362;
					};
				};
			};
			buildConfigurationList = 48FB9A5D298E426400A07362 /* Build configuration list for PBXProject "Weather" */;
			compatibilityVersion = "Xcode 14.0";
			developmentRegion = en;
			hasScannedForEncodings = 0;
			knownRegions = (
				en,
				Base,
			);
			mainGroup = 48FB9A59298E426400A07362;
			productRefGroup = 48FB9A63298E426400A07362 /* Products */;
			projectDirPath = "";
			projectRoot = "";
			targets = (
				48FB9A61298E426400A07362 /* Weather */,
				48FB9A71298E426600A07362 /* WeatherTests */,
				48FB9A7B298E426600A07362 /* WeatherUITests */,
			);
		};
/* End PBXProject section */

/* Begin PBXResourcesBuildPhase section */
		48FB9A60298E426400A07362 /* Resources */ = {
			isa = PBXResourcesBuildPhase;
			buildActionMask = 2147483647;
			files = (
				48FB9A6D298E426500A07362 /* Preview Assets.xcassets in Resources */,
				48FB9AA5298F725B00A07362 /* weatherData.json in Resources */,
				48FB9A6A298E426500A07362 /* Assets.xcassets in Resources */,
			);
			runOnlyForDeploymentPostprocessing = 0;
		};
		48FB9A70298E426600A07362 /* Resources */ = {
			isa = PBXResourcesBuildPhase;
			buildActionMask = 2147483647;
			files = (
			);
			runOnlyForDeploymentPostprocessing = 0;
		};
		48FB9A7A298E426600A07362 /* Resources */ = {
			isa = PBXResourcesBuildPhase;
			buildActionMask = 2147483647;
			files = (
			);
			runOnlyForDeploymentPostprocessing = 0;
		};
/* End PBXResourcesBuildPhase section */

/* Begin PBXSourcesBuildPhase section */
		48FB9A5E298E426400A07362 /* Sources */ = {
			isa = PBXSourcesBuildPhase;
			buildActionMask = 2147483647;
			files = (
				48FB9AA0298F183700A07362 /* Extension.swift in Sources */,
				48FB9A98298E4C5500A07362 /* WeatherManager.swift in Sources */,
				48FB9A68298E426400A07362 /* ContentView.swift in Sources */,
				48FB9A66298E426400A07362 /* WeatherApp.swift in Sources */,
				48FB9A91298E434100A07362 /* LocationManager.swift in Sources */,
				48FB9AA3298F626E00A07362 /* WeatherRow.swift in Sources */,
				48FB9A96298E4AD900A07362 /* LoadingView.swift in Sources */,
				48FB9AA7298F727D00A07362 /* ModelData.swift in Sources */,
				48FB9A9A298F170D00A07362 /* WeatherView.swift in Sources */,
				48FB9A94298E476500A07362 /* WelcomeView.swift in Sources */,
			);
			runOnlyForDeploymentPostprocessing = 0;
		};
		48FB9A6E298E426600A07362 /* Sources */ = {
			isa = PBXSourcesBuildPhase;
			buildActionMask = 2147483647;
			files = (
				48FB9A77298E426600A07362 /* WeatherTests.swift in Sources */,
			);
			runOnlyForDeploymentPostprocessing = 0;
		};
		48FB9A78298E426600A07362 /* Sources */ = {
			isa = PBXSourcesBuildPhase;
			buildActionMask = 2147483647;
			files = (
				48FB9A81298E426600A07362 /* WeatherUITests.swift in Sources */,
				48FB9A83298E426600A07362 /* WeatherUITestsLaunchTests.swift in Sources */,
			);
			runOnlyForDeploymentPostprocessing = 0;
		};
/* End PBXSourcesBuildPhase section */

/* Begin PBXTargetDependency section */
		48FB9A74298E426600A07362 /* PBXTargetDependency */ = {
			isa = PBXTargetDependency;
			target = 48FB9A61298E426400A07362 /* Weather */;
			targetProxy = 48FB9A73298E426600A07362 /* PBXContainerItemProxy */;
		};
		48FB9A7E298E426600A07362 /* PBXTargetDependency */ = {
			isa = PBXTargetDependency;
			target = 48FB9A61298E426400A07362 /* Weather */;
			targetProxy = 48FB9A7D298E426600A07362 /* PBXContainerItemProxy */;
		};
/* End PBXTargetDependency section */

/* Begin XCBuildConfiguration section */
		48FB9A84298E426600A07362 /* Debug */ = {
			isa = XCBuildConfiguration;
			buildSettings = {
				ALWAYS_SEARCH_USER_PATHS = NO;
				CLANG_ANALYZER_NONNULL = YES;
				CLANG_ANALYZER_NUMBER_OBJECT_CONVERSION = YES_AGGRESSIVE;
				CLANG_CXX_LANGUAGE_STANDARD = "gnu++20";
				CLANG_ENABLE_MODULES = YES;
				CLANG_ENABLE_OBJC_ARC = YES;
				CLANG_ENABLE_OBJC_WEAK = YES;
				CLANG_WARN_BLOCK_CAPTURE_AUTORELEASING = YES;
				CLANG_WARN_BOOL_CONVERSION = YES;
				CLANG_WARN_COMMA = YES;
				CLANG_WARN_CONSTANT_CONVERSION = YES;
				CLANG_WARN_DEPRECATED_OBJC_IMPLEMENTATIONS = YES;
				CLANG_WARN_DIRECT_OBJC_ISA_USAGE = YES_ERROR;
				CLANG_WARN_DOCUMENTATION_COMMENTS = YES;
				CLANG_WARN_EMPTY_BODY = YES;
				CLANG_WARN_ENUM_CONVERSION = YES;
				CLANG_WARN_INFINITE_RECURSION = YES;
				CLANG_WARN_INT_CONVERSION = YES;
				CLANG_WARN_NON_LITERAL_NULL_CONVERSION = YES;
				CLANG_WARN_OBJC_IMPLICIT_RETAIN_SELF = YES;
				CLANG_WARN_OBJC_LITERAL_CONVERSION = YES;
				CLANG_WARN_OBJC_ROOT_CLASS = YES_ERROR;
				CLANG_WARN_QUOTED_INCLUDE_IN_FRAMEWORK_HEADER = YES;
				CLANG_WARN_RANGE_LOOP_ANALYSIS = YES;
				CLANG_WARN_STRICT_PROTOTYPES = YES;
				CLANG_WARN_SUSPICIOUS_MOVE = YES;
				CLANG_WARN_UNGUARDED_AVAILABILITY = YES_AGGRESSIVE;
				CLANG_WARN_UNREACHABLE_CODE = YES;
				CLANG_WARN__DUPLICATE_METHOD_MATCH = YES;
				COPY_PHASE_STRIP = NO;
				DEBUG_INFORMATION_FORMAT = dwarf;
				ENABLE_STRICT_OBJC_MSGSEND = YES;
				ENABLE_TESTABILITY = YES;
				GCC_C_LANGUAGE_STANDARD = gnu11;
				GCC_DYNAMIC_NO_PIC = NO;
				GCC_NO_COMMON_BLOCKS = YES;
				GCC_OPTIMIZATION_LEVEL = 0;
				GCC_PREPROCESSOR_DEFINITIONS = (
					"DEBUG=1",
					"$(inherited)",
				);
				GCC_WARN_64_TO_32_BIT_CONVERSION = YES;
				GCC_WARN_ABOUT_RETURN_TYPE = YES_ERROR;
				GCC_WARN_UNDECLARED_SELECTOR = YES;
				GCC_WARN_UNINITIALIZED_AUTOS = YES_AGGRESSIVE;
				GCC_WARN_UNUSED_FUNCTION = YES;
				GCC_WARN_UNUSED_VARIABLE = YES;
				IPHONEOS_DEPLOYMENT_TARGET = 16.2;
				MTL_ENABLE_DEBUG_INFO = INCLUDE_SOURCE;
				MTL_FAST_MATH = YES;
				ONLY_ACTIVE_ARCH = YES;
				SDKROOT = iphoneos;
				SWIFT_ACTIVE_COMPILATION_CONDITIONS = DEBUG;
				SWIFT_OPTIMIZATION_LEVEL = "-Onone";
			};
			name = Debug;
		};
		48FB9A85298E426600A07362 /* Release */ = {
			isa = XCBuildConfiguration;
			buildSettings = {
				ALWAYS_SEARCH_USER_PATHS = NO;
				CLANG_ANALYZER_NONNULL = YES;
				CLANG_ANALYZER_NUMBER_OBJECT_CONVERSION = YES_AGGRESSIVE;
				CLANG_CXX_LANGUAGE_STANDARD = "gnu++20";
				CLANG_ENABLE_MODULES = YES;
				CLANG_ENABLE_OBJC_ARC = YES;
				CLANG_ENABLE_OBJC_WEAK = YES;
				CLANG_WARN_BLOCK_CAPTURE_AUTORELEASING = YES;
				CLANG_WARN_BOOL_CONVERSION = YES;
				CLANG_WARN_COMMA = YES;
				CLANG_WARN_CONSTANT_CONVERSION = YES;
				CLANG_WARN_DEPRECATED_OBJC_IMPLEMENTATIONS = YES;
				CLANG_WARN_DIRECT_OBJC_ISA_USAGE = YES_ERROR;
				CLANG_WARN_DOCUMENTATION_COMMENTS = YES;
				CLANG_WARN_EMPTY_BODY = YES;
				CLANG_WARN_ENUM_CONVERSION = YES;
				CLANG_WARN_INFINITE_RECURSION = YES;
				CLANG_WARN_INT_CONVERSION = YES;
				CLANG_WARN_NON_LITERAL_NULL_CONVERSION = YES;
				CLANG_WARN_OBJC_IMPLICIT_RETAIN_SELF = YES;
				CLANG_WARN_OBJC_LITERAL_CONVERSION = YES;
				CLANG_WARN_OBJC_ROOT_CLASS = YES_ERROR;
				CLANG_WARN_QUOTED_INCLUDE_IN_FRAMEWORK_HEADER = YES;
				CLANG_WARN_RANGE_LOOP_ANALYSIS = YES;
				CLANG_WARN_STRICT_PROTOTYPES = YES;
				CLANG_WARN_SUSPICIOUS_MOVE = YES;
				CLANG_WARN_UNGUARDED_AVAILABILITY = YES_AGGRESSIVE;
				CLANG_WARN_UNREACHABLE_CODE = YES;
				CLANG_WARN__DUPLICATE_METHOD_MATCH = YES;
				COPY_PHASE_STRIP = NO;
				DEBUG_INFORMATION_FORMAT = "dwarf-with-dsym";
				ENABLE_NS_ASSERTIONS = NO;
				ENABLE_STRICT_OBJC_MSGSEND = YES;
				GCC_C_LANGUAGE_STANDARD = gnu11;
				GCC_NO_COMMON_BLOCKS = YES;
				GCC_WARN_64_TO_32_BIT_CONVERSION = YES;
				GCC_WARN_ABOUT_RETURN_TYPE = YES_ERROR;
				GCC_WARN_UNDECLARED_SELECTOR = YES;
				GCC_WARN_UNINITIALIZED_AUTOS = YES_AGGRESSIVE;
				GCC_WARN_UNUSED_FUNCTION = YES;
				GCC_WARN_UNUSED_VARIABLE = YES;
				IPHONEOS_DEPLOYMENT_TARGET = 16.2;
				MTL_ENABLE_DEBUG_INFO = NO;
				MTL_FAST_MATH = YES;
				SDKROOT = iphoneos;
				SWIFT_COMPILATION_MODE = wholemodule;
				SWIFT_OPTIMIZATION_LEVEL = "-O";
				VALIDATE_PRODUCT = YES;
			};
			name = Release;
		};
		48FB9A87298E426600A07362 /* Debug */ = {
			isa = XCBuildConfiguration;
			buildSettings = {
				ASSETCATALOG_COMPILER_APPICON_NAME = AppIcon;
				ASSETCATALOG_COMPILER_GLOBAL_ACCENT_COLOR_NAME = AccentColor;
				CODE_SIGN_STYLE = Automatic;
				CURRENT_PROJECT_VERSION = 1;
				DEVELOPMENT_ASSET_PATHS = "\"Weather/Preview Content\"";
				DEVELOPMENT_TEAM = SBCRL8SBBK;
				ENABLE_PREVIEWS = YES;
				GENERATE_INFOPLIST_FILE = YES;
				INFOPLIST_FILE = Weather/Info.plist;
				INFOPLIST_KEY_NSLocationWhenInUseUsageDescription = "This app requires access to your location in order to provide weather data";
				INFOPLIST_KEY_UIApplicationSceneManifest_Generation = YES;
				INFOPLIST_KEY_UIApplicationSupportsIndirectInputEvents = YES;
				INFOPLIST_KEY_UILaunchScreen_Generation = YES;
				INFOPLIST_KEY_UISupportedInterfaceOrientations_iPad = "UIInterfaceOrientationPortrait UIInterfaceOrientationPortraitUpsideDown UIInterfaceOrientationLandscapeLeft UIInterfaceOrientationLandscapeRight";
				INFOPLIST_KEY_UISupportedInterfaceOrientations_iPhone = "UIInterfaceOrientationPortrait UIInterfaceOrientationLandscapeLeft UIInterfaceOrientationLandscapeRight";
				IPHONEOS_DEPLOYMENT_TARGET = 16.0;
				LD_RUNPATH_SEARCH_PATHS = (
					"$(inherited)",
					"@executable_path/Frameworks",
				);
				MARKETING_VERSION = 1.0;
				PRODUCT_BUNDLE_IDENTIFIER = kabir.Weather;
				PRODUCT_NAME = "$(TARGET_NAME)";
				SWIFT_EMIT_LOC_STRINGS = YES;
				SWIFT_VERSION = 5.0;
				TARGETED_DEVICE_FAMILY = "1,2";
			};
			name = Debug;
		};
		48FB9A88298E426600A07362 /* Release */ = {
			isa = XCBuildConfiguration;
			buildSettings = {
				ASSETCATALOG_COMPILER_APPICON_NAME = AppIcon;
				ASSETCATALOG_COMPILER_GLOBAL_ACCENT_COLOR_NAME = AccentColor;
				CODE_SIGN_STYLE = Automatic;
				CURRENT_PROJECT_VERSION = 1;
				DEVELOPMENT_ASSET_PATHS = "\"Weather/Preview Content\"";
				DEVELOPMENT_TEAM = SBCRL8SBBK;
				ENABLE_PREVIEWS = YES;
				GENERATE_INFOPLIST_FILE = YES;
				INFOPLIST_FILE = Weather/Info.plist;
				INFOPLIST_KEY_NSLocationWhenInUseUsageDescription = "This app requires access to your location in order to provide weather data";
				INFOPLIST_KEY_UIApplicationSceneManifest_Generation = YES;
				INFOPLIST_KEY_UIApplicationSupportsIndirectInputEvents = YES;
				INFOPLIST_KEY_UILaunchScreen_Generation = YES;
				INFOPLIST_KEY_UISupportedInterfaceOrientations_iPad = "UIInterfaceOrientationPortrait UIInterfaceOrientationPortraitUpsideDown UIInterfaceOrientationLandscapeLeft UIInterfaceOrientationLandscapeRight";
				INFOPLIST_KEY_UISupportedInterfaceOrientations_iPhone = "UIInterfaceOrientationPortrait UIInterfaceOrientationLandscapeLeft UIInterfaceOrientationLandscapeRight";
				IPHONEOS_DEPLOYMENT_TARGET = 16.0;
				LD_RUNPATH_SEARCH_PATHS = (
					"$(inherited)",
					"@executable_path/Frameworks",
				);
				MARKETING_VERSION = 1.0;
				PRODUCT_BUNDLE_IDENTIFIER = kabir.Weather;
				PRODUCT_NAME = "$(TARGET_NAME)";
				SWIFT_EMIT_LOC_STRINGS = YES;
				SWIFT_VERSION = 5.0;
				TARGETED_DEVICE_FAMILY = "1,2";
			};
			name = Release;
		};
		48FB9A8A298E426600A07362 /* Debug */ = {
			isa = XCBuildConfiguration;
			buildSettings = {
				ALWAYS_EMBED_SWIFT_STANDARD_LIBRARIES = YES;
				BUNDLE_LOADER = "$(TEST_HOST)";
				CODE_SIGN_STYLE = Automatic;
				CURRENT_PROJECT_VERSION = 1;
				DEVELOPMENT_TEAM = SBCRL8SBBK;
				GENERATE_INFOPLIST_FILE = YES;
				IPHONEOS_DEPLOYMENT_TARGET = 16.2;
				MARKETING_VERSION = 1.0;
				PRODUCT_BUNDLE_IDENTIFIER = kabir.WeatherTests;
				PRODUCT_NAME = "$(TARGET_NAME)";
				SWIFT_EMIT_LOC_STRINGS = NO;
				SWIFT_VERSION = 5.0;
				TARGETED_DEVICE_FAMILY = "1,2";
				TEST_HOST = "$(BUILT_PRODUCTS_DIR)/Weather.app/$(BUNDLE_EXECUTABLE_FOLDER_PATH)/Weather";
			};
			name = Debug;
		};
		48FB9A8B298E426600A07362 /* Release */ = {
			isa = XCBuildConfiguration;
			buildSettings = {
				ALWAYS_EMBED_SWIFT_STANDARD_LIBRARIES = YES;
				BUNDLE_LOADER = "$(TEST_HOST)";
				CODE_SIGN_STYLE = Automatic;
				CURRENT_PROJECT_VERSION = 1;
				DEVELOPMENT_TEAM = SBCRL8SBBK;
				GENERATE_INFOPLIST_FILE = YES;
				IPHONEOS_DEPLOYMENT_TARGET = 16.2;
				MARKETING_VERSION = 1.0;
				PRODUCT_BUNDLE_IDENTIFIER = kabir.WeatherTests;
				PRODUCT_NAME = "$(TARGET_NAME)";
				SWIFT_EMIT_LOC_STRINGS = NO;
				SWIFT_VERSION = 5.0;
				TARGETED_DEVICE_FAMILY = "1,2";
				TEST_HOST = "$(BUILT_PRODUCTS_DIR)/Weather.app/$(BUNDLE_EXECUTABLE_FOLDER_PATH)/Weather";
			};
			name = Release;
		};
		48FB9A8D298E426600A07362 /* Debug */ = {
			isa = XCBuildConfiguration;
			buildSettings = {
				ALWAYS_EMBED_SWIFT_STANDARD_LIBRARIES = YES;
				CODE_SIGN_STYLE = Automatic;
				CURRENT_PROJECT_VERSION = 1;
				DEVELOPMENT_TEAM = SBCRL8SBBK;
				GENERATE_INFOPLIST_FILE = YES;
				MARKETING_VERSION = 1.0;
				PRODUCT_BUNDLE_IDENTIFIER = kabir.WeatherUITests;
				PRODUCT_NAME = "$(TARGET_NAME)";
				SWIFT_EMIT_LOC_STRINGS = NO;
				SWIFT_VERSION = 5.0;
				TARGETED_DEVICE_FAMILY = "1,2";
				TEST_TARGET_NAME = Weather;
			};
			name = Debug;
		};
		48FB9A8E298E426600A07362 /* Release */ = {
			isa = XCBuildConfiguration;
			buildSettings = {
				ALWAYS_EMBED_SWIFT_STANDARD_LIBRARIES = YES;
				CODE_SIGN_STYLE = Automatic;
				CURRENT_PROJECT_VERSION = 1;
				DEVELOPMENT_TEAM = SBCRL8SBBK;
				GENERATE_INFOPLIST_FILE = YES;
				MARKETING_VERSION = 1.0;
				PRODUCT_BUNDLE_IDENTIFIER = kabir.WeatherUITests;
				PRODUCT_NAME = "$(TARGET_NAME)";
				SWIFT_EMIT_LOC_STRINGS = NO;
				SWIFT_VERSION = 5.0;
				TARGETED_DEVICE_FAMILY = "1,2";
				TEST_TARGET_NAME = Weather;
			};
			name = Release;
		};
/* End XCBuildConfiguration section */

/* Begin XCConfigurationList section */
		48FB9A5D298E426400A07362 /* Build configuration list for PBXProject "Weather" */ = {
			isa = XCConfigurationList;
			buildConfigurations = (
				48FB9A84298E426600A07362 /* Debug */,
				48FB9A85298E426600A07362 /* Release */,
			);
			defaultConfigurationIsVisible = 0;
			defaultConfigurationName = Release;
		};
		48FB9A86298E426600A07362 /* Build configuration list for PBXNativeTarget "Weather" */ = {
			isa = XCConfigurationList;
			buildConfigurations = (
				48FB9A87298E426600A07362 /* Debug */,
				48FB9A88298E426600A07362 /* Release */,
			);
			defaultConfigurationIsVisible = 0;
			defaultConfigurationName = Release;
		};
		48FB9A89298E426600A07362 /* Build configuration list for PBXNativeTarget "WeatherTests" */ = {
			isa = XCConfigurationList;
			buildConfigurations = (
				48FB9A8A298E426600A07362 /* Debug */,
				48FB9A8B298E426600A07362 /* Release */,
			);
			defaultConfigurationIsVisible = 0;
			defaultConfigurationName = Release;
		};
		48FB9A8C298E426600A07362 /* Build configuration list for PBXNativeTarget "WeatherUITests" */ = {
			isa = XCConfigurationList;
			buildConfigurations = (
				48FB9A8D298E426600A07362 /* Debug */,
				48FB9A8E298E426600A07362 /* Release */,
			);
			defaultConfigurationIsVisible = 0;
			defaultConfigurationName = Release;
		};
/* End XCConfigurationList section */
	};
	rootObject = 48FB9A5A298E426400A07362 /* Project object */;
}
